// !$*UTF8*$!
{
	archiveVersion = 1;
	classes = {
	};
	objectVersion = 46;
	objects = {

/* Begin PBXBuildFile section */
		9A5BCD791C1DFF6C003516CF /* DocOMatKit.h in Headers */ = {isa = PBXBuildFile; fileRef = 9A5BCD781C1DFF6C003516CF /* DocOMatKit.h */; settings = {ATTRIBUTES = (Public, ); }; };
		9A5BCD801C1DFF6C003516CF /* DocOMatKit.framework in Frameworks */ = {isa = PBXBuildFile; fileRef = 9A5BCD751C1DFF6C003516CF /* DocOMatKit.framework */; };
		9A5BCDB11C1E021C003516CF /* HomeTabsViewController.swift in Sources */ = {isa = PBXBuildFile; fileRef = 9A5BCDB01C1E021C003516CF /* HomeTabsViewController.swift */; };
		9A5BCDB31C1E029C003516CF /* HomeTabsViewModel.swift in Sources */ = {isa = PBXBuildFile; fileRef = 9A5BCDB21C1E029C003516CF /* HomeTabsViewModel.swift */; };
		9A5BCDB61C1E02F3003516CF /* Backend.swift in Sources */ = {isa = PBXBuildFile; fileRef = 9A5BCDB51C1E02F3003516CF /* Backend.swift */; };
		9A5BCDBB1C1E05FF003516CF /* DocOMatAppDelegate.swift in Sources */ = {isa = PBXBuildFile; fileRef = 9A5BCDBA1C1E05FF003516CF /* DocOMatAppDelegate.swift */; };
		9AEF355E1C1F92FA0008EDD8 /* Config.swift in Sources */ = {isa = PBXBuildFile; fileRef = 9AEF355D1C1F92FA0008EDD8 /* Config.swift */; };
		9AEF35611C1F93EB0008EDD8 /* ConfigTests.swift in Sources */ = {isa = PBXBuildFile; fileRef = 9AEF35601C1F93EB0008EDD8 /* ConfigTests.swift */; };
		9AEF35651C1FAD460008EDD8 /* test-config.plist in Resources */ = {isa = PBXBuildFile; fileRef = 9AEF35641C1FAD460008EDD8 /* test-config.plist */; };
		9AEF35681C204F800008EDD8 /* Document.swift in Sources */ = {isa = PBXBuildFile; fileRef = 9AEF35671C204F800008EDD8 /* Document.swift */; };
		9AEF356A1C2193860008EDD8 /* GitHubBackend.swift in Sources */ = {isa = PBXBuildFile; fileRef = 9AEF35691C2193860008EDD8 /* GitHubBackend.swift */; };
/* End PBXBuildFile section */

/* Begin PBXContainerItemProxy section */
		9A5BCD811C1DFF6C003516CF /* PBXContainerItemProxy */ = {
			isa = PBXContainerItemProxy;
			containerPortal = 9A5BCD6C1C1DFF6C003516CF /* Project object */;
			proxyType = 1;
			remoteGlobalIDString = 9A5BCD741C1DFF6C003516CF;
			remoteInfo = DocOMatKit;
		};
/* End PBXContainerItemProxy section */

/* Begin PBXFileReference section */
		9A5BCD751C1DFF6C003516CF /* DocOMatKit.framework */ = {isa = PBXFileReference; explicitFileType = wrapper.framework; includeInIndex = 0; path = DocOMatKit.framework; sourceTree = BUILT_PRODUCTS_DIR; };
		9A5BCD781C1DFF6C003516CF /* DocOMatKit.h */ = {isa = PBXFileReference; lastKnownFileType = sourcecode.c.h; path = DocOMatKit.h; sourceTree = "<group>"; };
		9A5BCD7A1C1DFF6C003516CF /* Info.plist */ = {isa = PBXFileReference; lastKnownFileType = text.plist.xml; path = Info.plist; sourceTree = "<group>"; };
		9A5BCD7F1C1DFF6C003516CF /* DocOMatKitTests.xctest */ = {isa = PBXFileReference; explicitFileType = wrapper.cfbundle; includeInIndex = 0; path = DocOMatKitTests.xctest; sourceTree = BUILT_PRODUCTS_DIR; };
		9A5BCD861C1DFF6C003516CF /* Info.plist */ = {isa = PBXFileReference; lastKnownFileType = text.plist.xml; path = Info.plist; sourceTree = "<group>"; };
		9A5BCDB01C1E021C003516CF /* HomeTabsViewController.swift */ = {isa = PBXFileReference; fileEncoding = 4; lastKnownFileType = sourcecode.swift; path = HomeTabsViewController.swift; sourceTree = "<group>"; };
		9A5BCDB21C1E029C003516CF /* HomeTabsViewModel.swift */ = {isa = PBXFileReference; fileEncoding = 4; lastKnownFileType = sourcecode.swift; path = HomeTabsViewModel.swift; sourceTree = "<group>"; };
		9A5BCDB51C1E02F3003516CF /* Backend.swift */ = {isa = PBXFileReference; fileEncoding = 4; lastKnownFileType = sourcecode.swift; path = Backend.swift; sourceTree = "<group>"; };
		9A5BCDBA1C1E05FF003516CF /* DocOMatAppDelegate.swift */ = {isa = PBXFileReference; fileEncoding = 4; lastKnownFileType = sourcecode.swift; path = DocOMatAppDelegate.swift; sourceTree = "<group>"; };
		9AEF355D1C1F92FA0008EDD8 /* Config.swift */ = {isa = PBXFileReference; fileEncoding = 4; lastKnownFileType = sourcecode.swift; path = Config.swift; sourceTree = "<group>"; };
		9AEF35601C1F93EB0008EDD8 /* ConfigTests.swift */ = {isa = PBXFileReference; fileEncoding = 4; lastKnownFileType = sourcecode.swift; path = ConfigTests.swift; sourceTree = "<group>"; };
		9AEF35641C1FAD460008EDD8 /* test-config.plist */ = {isa = PBXFileReference; fileEncoding = 4; lastKnownFileType = text.plist.xml; path = "test-config.plist"; sourceTree = "<group>"; };
		9AEF35671C204F800008EDD8 /* Document.swift */ = {isa = PBXFileReference; fileEncoding = 4; lastKnownFileType = sourcecode.swift; path = Document.swift; sourceTree = "<group>"; };
		9AEF35691C2193860008EDD8 /* GitHubBackend.swift */ = {isa = PBXFileReference; fileEncoding = 4; lastKnownFileType = sourcecode.swift; path = GitHubBackend.swift; sourceTree = "<group>"; };
/* End PBXFileReference section */

/* Begin PBXFrameworksBuildPhase section */
		9A5BCD711C1DFF6C003516CF /* Frameworks */ = {
			isa = PBXFrameworksBuildPhase;
			buildActionMask = 2147483647;
			files = (
			);
			runOnlyForDeploymentPostprocessing = 0;
		};
		9A5BCD7C1C1DFF6C003516CF /* Frameworks */ = {
			isa = PBXFrameworksBuildPhase;
			buildActionMask = 2147483647;
			files = (
				9A5BCD801C1DFF6C003516CF /* DocOMatKit.framework in Frameworks */,
			);
			runOnlyForDeploymentPostprocessing = 0;
		};
/* End PBXFrameworksBuildPhase section */

/* Begin PBXGroup section */
		9A5BCD6B1C1DFF6C003516CF = {
			isa = PBXGroup;
			children = (
				9A5BCD771C1DFF6C003516CF /* DocOMatKit */,
				9A5BCD831C1DFF6C003516CF /* DocOMatKitTests */,
				9A5BCD761C1DFF6C003516CF /* Products */,
			);
			sourceTree = "<group>";
		};
		9A5BCD761C1DFF6C003516CF /* Products */ = {
			isa = PBXGroup;
			children = (
				9A5BCD751C1DFF6C003516CF /* DocOMatKit.framework */,
				9A5BCD7F1C1DFF6C003516CF /* DocOMatKitTests.xctest */,
			);
			name = Products;
			sourceTree = "<group>";
		};
		9A5BCD771C1DFF6C003516CF /* DocOMatKit */ = {
			isa = PBXGroup;
			children = (
				9A5BCDB91C1E05D7003516CF /* App */,
				9A5BCDB41C1E02A5003516CF /* Backend */,
				9AEF355C1C1F927F0008EDD8 /* Config */,
				9AEF35661C204F580008EDD8 /* Document */,
				9A5BCDAF1C1E019E003516CF /* GUI */,
				9A5BCD781C1DFF6C003516CF /* DocOMatKit.h */,
				9A5BCD7A1C1DFF6C003516CF /* Info.plist */,
			);
			path = DocOMatKit;
			sourceTree = "<group>";
		};
		9A5BCD831C1DFF6C003516CF /* DocOMatKitTests */ = {
			isa = PBXGroup;
			children = (
				9AEF35621C1F94260008EDD8 /* Backend */,
				9AEF355F1C1F93C20008EDD8 /* Config */,
				9AEF35631C1FAD050008EDD8 /* TestData */,
				9A5BCD861C1DFF6C003516CF /* Info.plist */,
			);
			path = DocOMatKitTests;
			sourceTree = "<group>";
		};
		9A5BCDAF1C1E019E003516CF /* GUI */ = {
			isa = PBXGroup;
			children = (
				9A5BCDB01C1E021C003516CF /* HomeTabsViewController.swift */,
				9A5BCDB21C1E029C003516CF /* HomeTabsViewModel.swift */,
			);
			path = GUI;
			sourceTree = "<group>";
		};
		9A5BCDB41C1E02A5003516CF /* Backend */ = {
			isa = PBXGroup;
			children = (
				9A5BCDB51C1E02F3003516CF /* Backend.swift */,
				9AEF35691C2193860008EDD8 /* GitHubBackend.swift */,
			);
			path = Backend;
			sourceTree = "<group>";
		};
		9A5BCDB91C1E05D7003516CF /* App */ = {
			isa = PBXGroup;
			children = (
				9A5BCDBA1C1E05FF003516CF /* DocOMatAppDelegate.swift */,
			);
			path = App;
			sourceTree = "<group>";
		};
		9AEF355C1C1F927F0008EDD8 /* Config */ = {
			isa = PBXGroup;
			children = (
				9AEF355D1C1F92FA0008EDD8 /* Config.swift */,
			);
			path = Config;
			sourceTree = "<group>";
		};
		9AEF355F1C1F93C20008EDD8 /* Config */ = {
			isa = PBXGroup;
			children = (
				9AEF35601C1F93EB0008EDD8 /* ConfigTests.swift */,
			);
			path = Config;
			sourceTree = "<group>";
		};
		9AEF35621C1F94260008EDD8 /* Backend */ = {
			isa = PBXGroup;
			children = (
			);
			name = Backend;
			sourceTree = "<group>";
		};
		9AEF35631C1FAD050008EDD8 /* TestData */ = {
			isa = PBXGroup;
			children = (
				9AEF35641C1FAD460008EDD8 /* test-config.plist */,
			);
			path = TestData;
			sourceTree = "<group>";
		};
		9AEF35661C204F580008EDD8 /* Document */ = {
			isa = PBXGroup;
			children = (
				9AEF35671C204F800008EDD8 /* Document.swift */,
			);
			path = Document;
			sourceTree = "<group>";
		};
/* End PBXGroup section */

/* Begin PBXHeadersBuildPhase section */
		9A5BCD721C1DFF6C003516CF /* Headers */ = {
			isa = PBXHeadersBuildPhase;
			buildActionMask = 2147483647;
			files = (
				9A5BCD791C1DFF6C003516CF /* DocOMatKit.h in Headers */,
			);
			runOnlyForDeploymentPostprocessing = 0;
		};
/* End PBXHeadersBuildPhase section */

/* Begin PBXNativeTarget section */
		9A5BCD741C1DFF6C003516CF /* DocOMatKit */ = {
			isa = PBXNativeTarget;
			buildConfigurationList = 9A5BCD891C1DFF6C003516CF /* Build configuration list for PBXNativeTarget "DocOMatKit" */;
			buildPhases = (
				9A5BCD701C1DFF6C003516CF /* Sources */,
				9A5BCD711C1DFF6C003516CF /* Frameworks */,
				9A5BCD721C1DFF6C003516CF /* Headers */,
				9A5BCD731C1DFF6C003516CF /* Resources */,
			);
			buildRules = (
			);
			dependencies = (
			);
			name = DocOMatKit;
			productName = DocOMatKit;
			productReference = 9A5BCD751C1DFF6C003516CF /* DocOMatKit.framework */;
			productType = "com.apple.product-type.framework";
		};
		9A5BCD7E1C1DFF6C003516CF /* DocOMatKitTests */ = {
			isa = PBXNativeTarget;
			buildConfigurationList = 9A5BCD8C1C1DFF6C003516CF /* Build configuration list for PBXNativeTarget "DocOMatKitTests" */;
			buildPhases = (
				9A5BCD7B1C1DFF6C003516CF /* Sources */,
				9A5BCD7C1C1DFF6C003516CF /* Frameworks */,
				9A5BCD7D1C1DFF6C003516CF /* Resources */,
			);
			buildRules = (
			);
			dependencies = (
				9A5BCD821C1DFF6C003516CF /* PBXTargetDependency */,
			);
			name = DocOMatKitTests;
			productName = DocOMatKitTests;
			productReference = 9A5BCD7F1C1DFF6C003516CF /* DocOMatKitTests.xctest */;
			productType = "com.apple.product-type.bundle.unit-test";
		};
/* End PBXNativeTarget section */

/* Begin PBXProject section */
		9A5BCD6C1C1DFF6C003516CF /* Project object */ = {
			isa = PBXProject;
			attributes = {
				LastSwiftUpdateCheck = 0720;
				LastUpgradeCheck = 0720;
				ORGANIZATIONNAME = "Lou Franco";
				TargetAttributes = {
					9A5BCD741C1DFF6C003516CF = {
						CreatedOnToolsVersion = 7.2;
					};
					9A5BCD7E1C1DFF6C003516CF = {
						CreatedOnToolsVersion = 7.2;
					};
				};
			};
			buildConfigurationList = 9A5BCD6F1C1DFF6C003516CF /* Build configuration list for PBXProject "DocOMatKit" */;
			compatibilityVersion = "Xcode 3.2";
			developmentRegion = English;
			hasScannedForEncodings = 0;
			knownRegions = (
				en,
			);
			mainGroup = 9A5BCD6B1C1DFF6C003516CF;
			productRefGroup = 9A5BCD761C1DFF6C003516CF /* Products */;
			projectDirPath = "";
			projectRoot = "";
			targets = (
				9A5BCD741C1DFF6C003516CF /* DocOMatKit */,
				9A5BCD7E1C1DFF6C003516CF /* DocOMatKitTests */,
			);
		};
/* End PBXProject section */

/* Begin PBXResourcesBuildPhase section */
		9A5BCD731C1DFF6C003516CF /* Resources */ = {
			isa = PBXResourcesBuildPhase;
			buildActionMask = 2147483647;
			files = (
			);
			runOnlyForDeploymentPostprocessing = 0;
		};
		9A5BCD7D1C1DFF6C003516CF /* Resources */ = {
			isa = PBXResourcesBuildPhase;
			buildActionMask = 2147483647;
			files = (
				9AEF35651C1FAD460008EDD8 /* test-config.plist in Resources */,
			);
			runOnlyForDeploymentPostprocessing = 0;
		};
/* End PBXResourcesBuildPhase section */

/* Begin PBXSourcesBuildPhase section */
		9A5BCD701C1DFF6C003516CF /* Sources */ = {
			isa = PBXSourcesBuildPhase;
			buildActionMask = 2147483647;
			files = (
				9A5BCDB61C1E02F3003516CF /* Backend.swift in Sources */,
				9A5BCDB11C1E021C003516CF /* HomeTabsViewController.swift in Sources */,
				9AEF35681C204F800008EDD8 /* Document.swift in Sources */,
				9AEF355E1C1F92FA0008EDD8 /* Config.swift in Sources */,
				9A5BCDBB1C1E05FF003516CF /* DocOMatAppDelegate.swift in Sources */,
				9A5BCDB31C1E029C003516CF /* HomeTabsViewModel.swift in Sources */,
				9AEF356A1C2193860008EDD8 /* GitHubBackend.swift in Sources */,
			);
			runOnlyForDeploymentPostprocessing = 0;
		};
		9A5BCD7B1C1DFF6C003516CF /* Sources */ = {
			isa = PBXSourcesBuildPhase;
			buildActionMask = 2147483647;
			files = (
				9AEF35611C1F93EB0008EDD8 /* ConfigTests.swift in Sources */,
			);
			runOnlyForDeploymentPostprocessing = 0;
		};
/* End PBXSourcesBuildPhase section */

/* Begin PBXTargetDependency section */
		9A5BCD821C1DFF6C003516CF /* PBXTargetDependency */ = {
			isa = PBXTargetDependency;
			target = 9A5BCD741C1DFF6C003516CF /* DocOMatKit */;
			targetProxy = 9A5BCD811C1DFF6C003516CF /* PBXContainerItemProxy */;
		};
/* End PBXTargetDependency section */

/* Begin XCBuildConfiguration section */
		9A5BCD871C1DFF6C003516CF /* Debug */ = {
			isa = XCBuildConfiguration;
			buildSettings = {
				ALWAYS_SEARCH_USER_PATHS = NO;
				CLANG_CXX_LANGUAGE_STANDARD = "gnu++0x";
				CLANG_CXX_LIBRARY = "libc++";
				CLANG_ENABLE_MODULES = YES;
				CLANG_ENABLE_OBJC_ARC = YES;
				CLANG_WARN_BOOL_CONVERSION = YES;
				CLANG_WARN_CONSTANT_CONVERSION = YES;
				CLANG_WARN_DIRECT_OBJC_ISA_USAGE = YES_ERROR;
				CLANG_WARN_EMPTY_BODY = YES;
				CLANG_WARN_ENUM_CONVERSION = YES;
				CLANG_WARN_INT_CONVERSION = YES;
				CLANG_WARN_OBJC_ROOT_CLASS = YES_ERROR;
				CLANG_WARN_UNREACHABLE_CODE = YES;
				CLANG_WARN__DUPLICATE_METHOD_MATCH = YES;
				"CODE_SIGN_IDENTITY[sdk=iphoneos*]" = "iPhone Developer";
				COPY_PHASE_STRIP = NO;
				CURRENT_PROJECT_VERSION = 1;
				DEBUG_INFORMATION_FORMAT = dwarf;
				ENABLE_STRICT_OBJC_MSGSEND = YES;
				ENABLE_TESTABILITY = YES;
				GCC_C_LANGUAGE_STANDARD = gnu99;
				GCC_DYNAMIC_NO_PIC = NO;
				GCC_NO_COMMON_BLOCKS = YES;
				GCC_OPTIMIZATION_LEVEL = 0;
				GCC_PREPROCESSOR_DEFINITIONS = (
					"DEBUG=1",
					"$(inherited)",
				);
				GCC_WARN_64_TO_32_BIT_CONVERSION = YES;
				GCC_WARN_ABOUT_RETURN_TYPE = YES_ERROR;
				GCC_WARN_UNDECLARED_SELECTOR = YES;
				GCC_WARN_UNINITIALIZED_AUTOS = YES_AGGRESSIVE;
				GCC_WARN_UNUSED_FUNCTION = YES;
				GCC_WARN_UNUSED_VARIABLE = YES;
				IPHONEOS_DEPLOYMENT_TARGET = 9.2;
				MTL_ENABLE_DEBUG_INFO = YES;
				ONLY_ACTIVE_ARCH = YES;
				SDKROOT = iphoneos;
				SWIFT_OPTIMIZATION_LEVEL = "-Onone";
				TARGETED_DEVICE_FAMILY = "1,2";
				VERSIONING_SYSTEM = "apple-generic";
				VERSION_INFO_PREFIX = "";
			};
			name = Debug;
		};
		9A5BCD881C1DFF6C003516CF /* Release */ = {
			isa = XCBuildConfiguration;
			buildSettings = {
				ALWAYS_SEARCH_USER_PATHS = NO;
				CLANG_CXX_LANGUAGE_STANDARD = "gnu++0x";
				CLANG_CXX_LIBRARY = "libc++";
				CLANG_ENABLE_MODULES = YES;
				CLANG_ENABLE_OBJC_ARC = YES;
				CLANG_WARN_BOOL_CONVERSION = YES;
				CLANG_WARN_CONSTANT_CONVERSION = YES;
				CLANG_WARN_DIRECT_OBJC_ISA_USAGE = YES_ERROR;
				CLANG_WARN_EMPTY_BODY = YES;
				CLANG_WARN_ENUM_CONVERSION = YES;
				CLANG_WARN_INT_CONVERSION = YES;
				CLANG_WARN_OBJC_ROOT_CLASS = YES_ERROR;
				CLANG_WARN_UNREACHABLE_CODE = YES;
				CLANG_WARN__DUPLICATE_METHOD_MATCH = YES;
				"CODE_SIGN_IDENTITY[sdk=iphoneos*]" = "iPhone Developer";
				COPY_PHASE_STRIP = NO;
				CURRENT_PROJECT_VERSION = 1;
				DEBUG_INFORMATION_FORMAT = "dwarf-with-dsym";
				ENABLE_NS_ASSERTIONS = NO;
				ENABLE_STRICT_OBJC_MSGSEND = YES;
				GCC_C_LANGUAGE_STANDARD = gnu99;
				GCC_NO_COMMON_BLOCKS = YES;
				GCC_WARN_64_TO_32_BIT_CONVERSION = YES;
				GCC_WARN_ABOUT_RETURN_TYPE = YES_ERROR;
				GCC_WARN_UNDECLARED_SELECTOR = YES;
				GCC_WARN_UNINITIALIZED_AUTOS = YES_AGGRESSIVE;
				GCC_WARN_UNUSED_FUNCTION = YES;
				GCC_WARN_UNUSED_VARIABLE = YES;
				IPHONEOS_DEPLOYMENT_TARGET = 9.2;
				MTL_ENABLE_DEBUG_INFO = NO;
				SDKROOT = iphoneos;
				TARGETED_DEVICE_FAMILY = "1,2";
				VALIDATE_PRODUCT = YES;
				VERSIONING_SYSTEM = "apple-generic";
				VERSION_INFO_PREFIX = "";
			};
			name = Release;
		};
		9A5BCD8A1C1DFF6C003516CF /* Debug */ = {
			isa = XCBuildConfiguration;
			buildSettings = {
				CLANG_ENABLE_MODULES = YES;
				DEFINES_MODULE = YES;
				DYLIB_COMPATIBILITY_VERSION = 1;
				DYLIB_CURRENT_VERSION = 1;
				DYLIB_INSTALL_NAME_BASE = "@rpath";
				INFOPLIST_FILE = DocOMatKit/Info.plist;
				INSTALL_PATH = "$(LOCAL_LIBRARY_DIR)/Frameworks";
				LD_RUNPATH_SEARCH_PATHS = "$(inherited) @executable_path/Frameworks @loader_path/Frameworks";
				PRODUCT_BUNDLE_IDENTIFIER = com.loufranco.DocOMatKit;
				PRODUCT_NAME = "$(TARGET_NAME)";
				SKIP_INSTALL = YES;
				SWIFT_OPTIMIZATION_LEVEL = "-Onone";
			};
			name = Debug;
		};
		9A5BCD8B1C1DFF6C003516CF /* Release */ = {
			isa = XCBuildConfiguration;
			buildSettings = {
				CLANG_ENABLE_MODULES = YES;
				DEFINES_MODULE = YES;
				DYLIB_COMPATIBILITY_VERSION = 1;
				DYLIB_CURRENT_VERSION = 1;
				DYLIB_INSTALL_NAME_BASE = "@rpath";
				INFOPLIST_FILE = DocOMatKit/Info.plist;
				INSTALL_PATH = "$(LOCAL_LIBRARY_DIR)/Frameworks";
				LD_RUNPATH_SEARCH_PATHS = "$(inherited) @executable_path/Frameworks @loader_path/Frameworks";
				PRODUCT_BUNDLE_IDENTIFIER = com.loufranco.DocOMatKit;
				PRODUCT_NAME = "$(TARGET_NAME)";
				SKIP_INSTALL = YES;
			};
			name = Release;
		};
		9A5BCD8D1C1DFF6C003516CF /* Debug */ = {
			isa = XCBuildConfiguration;
			buildSettings = {
				INFOPLIST_FILE = DocOMatKitTests/Info.plist;
				LD_RUNPATH_SEARCH_PATHS = "$(inherited) @executable_path/Frameworks @loader_path/Frameworks";
				PRODUCT_BUNDLE_IDENTIFIER = com.loufranco.DocOMatKitTests;
				PRODUCT_NAME = "$(TARGET_NAME)";
			};
			name = Debug;
		};
		9A5BCD8E1C1DFF6C003516CF /* Release */ = {
			isa = XCBuildConfiguration;
			buildSettings = {
				INFOPLIST_FILE = DocOMatKitTests/Info.plist;
				LD_RUNPATH_SEARCH_PATHS = "$(inherited) @executable_path/Frameworks @loader_path/Frameworks";
				PRODUCT_BUNDLE_IDENTIFIER = com.loufranco.DocOMatKitTests;
				PRODUCT_NAME = "$(TARGET_NAME)";
			};
			name = Release;
		};
/* End XCBuildConfiguration section */

/* Begin XCConfigurationList section */
		9A5BCD6F1C1DFF6C003516CF /* Build configuration list for PBXProject "DocOMatKit" */ = {
			isa = XCConfigurationList;
			buildConfigurations = (
				9A5BCD871C1DFF6C003516CF /* Debug */,
				9A5BCD881C1DFF6C003516CF /* Release */,
			);
			defaultConfigurationIsVisible = 0;
			defaultConfigurationName = Release;
		};
		9A5BCD891C1DFF6C003516CF /* Build configuration list for PBXNativeTarget "DocOMatKit" */ = {
			isa = XCConfigurationList;
			buildConfigurations = (
				9A5BCD8A1C1DFF6C003516CF /* Debug */,
				9A5BCD8B1C1DFF6C003516CF /* Release */,
			);
			defaultConfigurationIsVisible = 0;
			defaultConfigurationName = Release;
		};
		9A5BCD8C1C1DFF6C003516CF /* Build configuration list for PBXNativeTarget "DocOMatKitTests" */ = {
			isa = XCConfigurationList;
			buildConfigurations = (
				9A5BCD8D1C1DFF6C003516CF /* Debug */,
				9A5BCD8E1C1DFF6C003516CF /* Release */,
			);
			defaultConfigurationIsVisible = 0;
			defaultConfigurationName = Release;
		};
/* End XCConfigurationList section */
	};
	rootObject = 9A5BCD6C1C1DFF6C003516CF /* Project object */;
}
