// !$*UTF8*$!
{
	archiveVersion = 1;
	classes = {
	};
	objectVersion = 46;
	objects = {

/* Begin PBXBuildFile section */
		9A25B6991C358193001F7C23 /* Auth in Resources */ = {isa = PBXBuildFile; fileRef = 9A25B6981C358193001F7C23 /* Auth */; };
		9A4382EC1DE70FB000EB6415 /* DocOMatKit.framework in Frameworks */ = {isa = PBXBuildFile; fileRef = 9A4382EB1DE70FB000EB6415 /* DocOMatKit.framework */; };
		9A5BCD9C1C1E0034003516CF /* AppDelegate.swift in Sources */ = {isa = PBXBuildFile; fileRef = 9A5BCD9B1C1E0034003516CF /* AppDelegate.swift */; };
		9A5BCDA31C1E0034003516CF /* Assets.xcassets in Resources */ = {isa = PBXBuildFile; fileRef = 9A5BCDA21C1E0034003516CF /* Assets.xcassets */; };
		9A5BCDA61C1E0034003516CF /* LaunchScreen.storyboard in Resources */ = {isa = PBXBuildFile; fileRef = 9A5BCDA41C1E0034003516CF /* LaunchScreen.storyboard */; };
		9A5BCDB81C1E0342003516CF /* doc-o-mat.plist in Resources */ = {isa = PBXBuildFile; fileRef = 9A5BCDB71C1E0342003516CF /* doc-o-mat.plist */; };
/* End PBXBuildFile section */

/* Begin PBXFileReference section */
		9A25B6981C358193001F7C23 /* Auth */ = {isa = PBXFileReference; lastKnownFileType = folder; path = Auth; sourceTree = "<group>"; };
		9A4382EB1DE70FB000EB6415 /* DocOMatKit.framework */ = {isa = PBXFileReference; lastKnownFileType = wrapper.framework; name = DocOMatKit.framework; path = "../../../Library/Developer/Xcode/DerivedData/DocOMatKit-dvoyektsrpqimgcsvpmkxkcvyjcw/Build/Products/Debug-iphonesimulator/DocOMatKit.framework"; sourceTree = "<group>"; };
		9A5BCD981C1E0034003516CF /* DocOMatKitSample.app */ = {isa = PBXFileReference; explicitFileType = wrapper.application; includeInIndex = 0; path = DocOMatKitSample.app; sourceTree = BUILT_PRODUCTS_DIR; };
		9A5BCD9B1C1E0034003516CF /* AppDelegate.swift */ = {isa = PBXFileReference; lastKnownFileType = sourcecode.swift; path = AppDelegate.swift; sourceTree = "<group>"; };
		9A5BCDA21C1E0034003516CF /* Assets.xcassets */ = {isa = PBXFileReference; lastKnownFileType = folder.assetcatalog; path = Assets.xcassets; sourceTree = "<group>"; };
		9A5BCDA51C1E0034003516CF /* Base */ = {isa = PBXFileReference; lastKnownFileType = file.storyboard; name = Base; path = Base.lproj/LaunchScreen.storyboard; sourceTree = "<group>"; };
		9A5BCDA71C1E0034003516CF /* Info.plist */ = {isa = PBXFileReference; lastKnownFileType = text.plist.xml; path = Info.plist; sourceTree = "<group>"; };
		9A5BCDB71C1E0342003516CF /* doc-o-mat.plist */ = {isa = PBXFileReference; fileEncoding = 4; lastKnownFileType = text.plist.xml; path = "doc-o-mat.plist"; sourceTree = "<group>"; };
/* End PBXFileReference section */

/* Begin PBXFrameworksBuildPhase section */
		9A5BCD951C1E0034003516CF /* Frameworks */ = {
			isa = PBXFrameworksBuildPhase;
			buildActionMask = 2147483647;
			files = (
				9A4382EC1DE70FB000EB6415 /* DocOMatKit.framework in Frameworks */,
			);
			runOnlyForDeploymentPostprocessing = 0;
		};
/* End PBXFrameworksBuildPhase section */

/* Begin PBXGroup section */
		9A5BCD8F1C1E0034003516CF = {
			isa = PBXGroup;
			children = (
				9A5BCD9A1C1E0034003516CF /* DocOMatKitSample */,
				9A5BCDBE1C1E06CD003516CF /* Frameworks */,
				9A5BCD991C1E0034003516CF /* Products */,
			);
			sourceTree = "<group>";
		};
		9A5BCD991C1E0034003516CF /* Products */ = {
			isa = PBXGroup;
			children = (
				9A5BCD981C1E0034003516CF /* DocOMatKitSample.app */,
			);
			name = Products;
			sourceTree = "<group>";
		};
		9A5BCD9A1C1E0034003516CF /* DocOMatKitSample */ = {
			isa = PBXGroup;
			children = (
				9A25B6981C358193001F7C23 /* Auth */,
				9A5BCD9B1C1E0034003516CF /* AppDelegate.swift */,
				9A5BCDA21C1E0034003516CF /* Assets.xcassets */,
				9A5BCDA41C1E0034003516CF /* LaunchScreen.storyboard */,
				9A5BCDA71C1E0034003516CF /* Info.plist */,
				9A5BCDB71C1E0342003516CF /* doc-o-mat.plist */,
			);
			path = DocOMatKitSample;
			sourceTree = "<group>";
		};
		9A5BCDBE1C1E06CD003516CF /* Frameworks */ = {
			isa = PBXGroup;
			children = (
				9A4382EB1DE70FB000EB6415 /* DocOMatKit.framework */,
			);
			name = Frameworks;
			sourceTree = "<group>";
		};
/* End PBXGroup section */

/* Begin PBXNativeTarget section */
		9A5BCD971C1E0034003516CF /* DocOMatKitSample */ = {
			isa = PBXNativeTarget;
			buildConfigurationList = 9A5BCDAA1C1E0034003516CF /* Build configuration list for PBXNativeTarget "DocOMatKitSample" */;
			buildPhases = (
				9A5BCD941C1E0034003516CF /* Sources */,
				9A5BCD951C1E0034003516CF /* Frameworks */,
				9A5BCD961C1E0034003516CF /* Resources */,
			);
			buildRules = (
			);
			dependencies = (
			);
			name = DocOMatKitSample;
			productName = DocOMatKitSample;
			productReference = 9A5BCD981C1E0034003516CF /* DocOMatKitSample.app */;
			productType = "com.apple.product-type.application";
		};
/* End PBXNativeTarget section */

/* Begin PBXProject section */
		9A5BCD901C1E0034003516CF /* Project object */ = {
			isa = PBXProject;
			attributes = {
				LastSwiftUpdateCheck = 0720;
				LastUpgradeCheck = 0800;
				ORGANIZATIONNAME = "Lou Franco";
				TargetAttributes = {
					9A5BCD971C1E0034003516CF = {
						CreatedOnToolsVersion = 7.2;
						LastSwiftMigration = 0800;
					};
				};
			};
			buildConfigurationList = 9A5BCD931C1E0034003516CF /* Build configuration list for PBXProject "DocOMatKitSample" */;
			compatibilityVersion = "Xcode 3.2";
			developmentRegion = English;
			hasScannedForEncodings = 0;
			knownRegions = (
				en,
				Base,
			);
			mainGroup = 9A5BCD8F1C1E0034003516CF;
			productRefGroup = 9A5BCD991C1E0034003516CF /* Products */;
			projectDirPath = "";
			projectRoot = "";
			targets = (
				9A5BCD971C1E0034003516CF /* DocOMatKitSample */,
			);
		};
/* End PBXProject section */

/* Begin PBXResourcesBuildPhase section */
		9A5BCD961C1E0034003516CF /* Resources */ = {
			isa = PBXResourcesBuildPhase;
			buildActionMask = 2147483647;
			files = (
				9A5BCDA61C1E0034003516CF /* LaunchScreen.storyboard in Resources */,
				9A5BCDA31C1E0034003516CF /* Assets.xcassets in Resources */,
				9A25B6991C358193001F7C23 /* Auth in Resources */,
				9A5BCDB81C1E0342003516CF /* doc-o-mat.plist in Resources */,
			);
			runOnlyForDeploymentPostprocessing = 0;
		};
/* End PBXResourcesBuildPhase section */

/* Begin PBXSourcesBuildPhase section */
		9A5BCD941C1E0034003516CF /* Sources */ = {
			isa = PBXSourcesBuildPhase;
			buildActionMask = 2147483647;
			files = (
				9A5BCD9C1C1E0034003516CF /* AppDelegate.swift in Sources */,
			);
			runOnlyForDeploymentPostprocessing = 0;
		};
/* End PBXSourcesBuildPhase section */

/* Begin PBXVariantGroup section */
		9A5BCDA41C1E0034003516CF /* LaunchScreen.storyboard */ = {
			isa = PBXVariantGroup;
			children = (
				9A5BCDA51C1E0034003516CF /* Base */,
			);
			name = LaunchScreen.storyboard;
			sourceTree = "<group>";
		};
/* End PBXVariantGroup section */

/* Begin XCBuildConfiguration section */
		9A5BCDA81C1E0034003516CF /* Debug */ = {
			isa = XCBuildConfiguration;
			buildSettings = {
				ALWAYS_SEARCH_USER_PATHS = NO;
				CLANG_CXX_LANGUAGE_STANDARD = "gnu++0x";
				CLANG_CXX_LIBRARY = "libc++";
				CLANG_ENABLE_MODULES = YES;
				CLANG_ENABLE_OBJC_ARC = YES;
				CLANG_WARN_BOOL_CONVERSION = YES;
				CLANG_WARN_CONSTANT_CONVERSION = YES;
				CLANG_WARN_DIRECT_OBJC_ISA_USAGE = YES_ERROR;
				CLANG_WARN_EMPTY_BODY = YES;
				CLANG_WARN_ENUM_CONVERSION = YES;
				CLANG_WARN_INFINITE_RECURSION = YES;
				CLANG_WARN_INT_CONVERSION = YES;
				CLANG_WARN_OBJC_ROOT_CLASS = YES_ERROR;
				CLANG_WARN_SUSPICIOUS_MOVE = YES;
				CLANG_WARN_UNREACHABLE_CODE = YES;
				CLANG_WARN__DUPLICATE_METHOD_MATCH = YES;
				"CODE_SIGN_IDENTITY[sdk=iphoneos*]" = "iPhone Developer";
				COPY_PHASE_STRIP = NO;
				DEBUG_INFORMATION_FORMAT = dwarf;
				ENABLE_STRICT_OBJC_MSGSEND = YES;
				ENABLE_TESTABILITY = YES;
				GCC_C_LANGUAGE_STANDARD = gnu99;
				GCC_DYNAMIC_NO_PIC = NO;
				GCC_NO_COMMON_BLOCKS = YES;
				GCC_OPTIMIZATION_LEVEL = 0;
				GCC_PREPROCESSOR_DEFINITIONS = (
					"DEBUG=1",
					"$(inherited)",
				);
				GCC_WARN_64_TO_32_BIT_CONVERSION = YES;
				GCC_WARN_ABOUT_RETURN_TYPE = YES_ERROR;
				GCC_WARN_UNDECLARED_SELECTOR = YES;
				GCC_WARN_UNINITIALIZED_AUTOS = YES_AGGRESSIVE;
				GCC_WARN_UNUSED_FUNCTION = YES;
				GCC_WARN_UNUSED_VARIABLE = YES;
				IPHONEOS_DEPLOYMENT_TARGET = 9.2;
				MTL_ENABLE_DEBUG_INFO = YES;
				ONLY_ACTIVE_ARCH = YES;
				SDKROOT = iphoneos;
				SWIFT_OPTIMIZATION_LEVEL = "-Onone";
			};
			name = Debug;
		};
		9A5BCDA91C1E0034003516CF /* Release */ = {
			isa = XCBuildConfiguration;
			buildSettings = {
				ALWAYS_SEARCH_USER_PATHS = NO;
				CLANG_CXX_LANGUAGE_STANDARD = "gnu++0x";
				CLANG_CXX_LIBRARY = "libc++";
				CLANG_ENABLE_MODULES = YES;
				CLANG_ENABLE_OBJC_ARC = YES;
				CLANG_WARN_BOOL_CONVERSION = YES;
				CLANG_WARN_CONSTANT_CONVERSION = YES;
				CLANG_WARN_DIRECT_OBJC_ISA_USAGE = YES_ERROR;
				CLANG_WARN_EMPTY_BODY = YES;
				CLANG_WARN_ENUM_CONVERSION = YES;
				CLANG_WARN_INFINITE_RECURSION = YES;
				CLANG_WARN_INT_CONVERSION = YES;
				CLANG_WARN_OBJC_ROOT_CLASS = YES_ERROR;
				CLANG_WARN_SUSPICIOUS_MOVE = YES;
				CLANG_WARN_UNREACHABLE_CODE = YES;
				CLANG_WARN__DUPLICATE_METHOD_MATCH = YES;
				"CODE_SIGN_IDENTITY[sdk=iphoneos*]" = "iPhone Developer";
				COPY_PHASE_STRIP = NO;
				DEBUG_INFORMATION_FORMAT = "dwarf-with-dsym";
				ENABLE_NS_ASSERTIONS = NO;
				ENABLE_STRICT_OBJC_MSGSEND = YES;
				GCC_C_LANGUAGE_STANDARD = gnu99;
				GCC_NO_COMMON_BLOCKS = YES;
				GCC_WARN_64_TO_32_BIT_CONVERSION = YES;
				GCC_WARN_ABOUT_RETURN_TYPE = YES_ERROR;
				GCC_WARN_UNDECLARED_SELECTOR = YES;
				GCC_WARN_UNINITIALIZED_AUTOS = YES_AGGRESSIVE;
				GCC_WARN_UNUSED_FUNCTION = YES;
				GCC_WARN_UNUSED_VARIABLE = YES;
				IPHONEOS_DEPLOYMENT_TARGET = 9.2;
				MTL_ENABLE_DEBUG_INFO = NO;
				SDKROOT = iphoneos;
				SWIFT_OPTIMIZATION_LEVEL = "-Owholemodule";
				VALIDATE_PRODUCT = YES;
			};
			name = Release;
		};
		9A5BCDAB1C1E0034003516CF /* Debug */ = {
			isa = XCBuildConfiguration;
			buildSettings = {
				ASSETCATALOG_COMPILER_APPICON_NAME = AppIcon;
				INFOPLIST_FILE = DocOMatKitSample/Info.plist;
				LD_RUNPATH_SEARCH_PATHS = "$(inherited) @executable_path/Frameworks";
				PRODUCT_BUNDLE_IDENTIFIER = com.loufranco.DocOMatKitSample;
				PRODUCT_NAME = "$(TARGET_NAME)";
				SWIFT_VERSION = 3.0;
				TARGETED_DEVICE_FAMILY = "1,2";
			};
			name = Debug;
		};
		9A5BCDAC1C1E0034003516CF /* Release */ = {
			isa = XCBuildConfiguration;
			buildSettings = {
				ASSETCATALOG_COMPILER_APPICON_NAME = AppIcon;
				INFOPLIST_FILE = DocOMatKitSample/Info.plist;
				LD_RUNPATH_SEARCH_PATHS = "$(inherited) @executable_path/Frameworks";
				PRODUCT_BUNDLE_IDENTIFIER = com.loufranco.DocOMatKitSample;
				PRODUCT_NAME = "$(TARGET_NAME)";
				SWIFT_VERSION = 3.0;
				TARGETED_DEVICE_FAMILY = "1,2";
			};
			name = Release;
		};
/* End XCBuildConfiguration section */

/* Begin XCConfigurationList section */
		9A5BCD931C1E0034003516CF /* Build configuration list for PBXProject "DocOMatKitSample" */ = {
			isa = XCConfigurationList;
			buildConfigurations = (
				9A5BCDA81C1E0034003516CF /* Debug */,
				9A5BCDA91C1E0034003516CF /* Release */,
			);
			defaultConfigurationIsVisible = 0;
			defaultConfigurationName = Release;
		};
		9A5BCDAA1C1E0034003516CF /* Build configuration list for PBXNativeTarget "DocOMatKitSample" */ = {
			isa = XCConfigurationList;
			buildConfigurations = (
				9A5BCDAB1C1E0034003516CF /* Debug */,
				9A5BCDAC1C1E0034003516CF /* Release */,
			);
			defaultConfigurationIsVisible = 0;
			defaultConfigurationName = Release;
		};
/* End XCConfigurationList section */
	};
	rootObject = 9A5BCD901C1E0034003516CF /* Project object */;
}
